
Microsoft Visual Studio Solution File, Format Version 12.00
# Visual Studio Version 16
VisualStudioVersion = 16.0.32630.194
MinimumVisualStudioVersion = 10.0.40219.1
Project("{FAE04EC0-301F-11D3-BF4B-00C04F79EFBC}") = "visualtogithub", "visualtogithub\visualtogithub.csproj", "{957AEEF2-2AC1-4FDB-A4E0-40A19CA46138}"
EndProject
Global
	GlobalSection(SolutionConfigurationPlatforms) = preSolution
		Debug|Any CPU = Debug|Any CPU
		Release|Any CPU = Release|Any CPU
	EndGlobalSection
	GlobalSection(ProjectConfigurationPlatforms) = postSolution
		{957AEEF2-2AC1-4FDB-A4E0-40A19CA46138}.Debug|Any CPU.ActiveCfg = Debug|Any CPU
		{957AEEF2-2AC1-4FDB-A4E0-40A19CA46138}.Debug|Any CPU.Build.0 = Debug|Any CPU
		{957AEEF2-2AC1-4FDB-A4E0-40A19CA46138}.Release|Any CPU.ActiveCfg = Release|Any CPU
		{957AEEF2-2AC1-4FDB-A4E0-40A19CA46138}.Release|Any CPU.Build.0 = Release|Any CPU
	EndGlobalSection
	GlobalSection(SolutionProperties) = preSolution
		HideSolutionNode = FALSE
	EndGlobalSection
	GlobalSection(ExtensibilityGlobals) = postSolution
		SolutionGuid = {6A5F6096-6F09-450B-9505-1035889222DD}
	EndGlobalSection
EndGlobal
